
Microsoft Visual Studio Solution File, Format Version 12.00
# Visual Studio Version 17
VisualStudioVersion = 17.8.34322.80
MinimumVisualStudioVersion = 10.0.40219.1
Project("{FAE04EC0-301F-11D3-BF4B-00C04F79EFBC}") = "AuthiticationBaic", "AuthiticationBaic\AuthiticationBaic.csproj", "{FEABF845-5042-4DB7-8673-AF86AE2A6FA0}"
EndProject
Global
	GlobalSection(SolutionConfigurationPlatforms) = preSolution
		Debug|Any CPU = Debug|Any CPU
		Release|Any CPU = Release|Any CPU
	EndGlobalSection
	GlobalSection(ProjectConfigurationPlatforms) = postSolution
		{FEABF845-5042-4DB7-8673-AF86AE2A6FA0}.Debug|Any CPU.ActiveCfg = Debug|Any CPU
		{FEABF845-5042-4DB7-8673-AF86AE2A6FA0}.Debug|Any CPU.Build.0 = Debug|Any CPU
		{FEABF845-5042-4DB7-8673-AF86AE2A6FA0}.Release|Any CPU.ActiveCfg = Release|Any CPU
		{FEABF845-5042-4DB7-8673-AF86AE2A6FA0}.Release|Any CPU.Build.0 = Release|Any CPU
	EndGlobalSection
	GlobalSection(SolutionProperties) = preSolution
		HideSolutionNode = FALSE
	EndGlobalSection
	GlobalSection(ExtensibilityGlobals) = postSolution
		SolutionGuid = {E7ADF53D-859E-49B6-84BF-B302F3E5C234}
	EndGlobalSection
EndGlobal
